
Microsoft Visual Studio Solution File, Format Version 12.00
# Visual Studio Version 17
VisualStudioVersion = 17.7.34024.191
MinimumVisualStudioVersion = 10.0.40219.1
Project("{FAE04EC0-301F-11D3-BF4B-00C04F79EFBC}") = "NavtorAssignment", "NavtorAssignment.csproj", "{489D1284-C034-4D55-B650-AD6D40BAC94F}"
EndProject
Global
	GlobalSection(SolutionConfigurationPlatforms) = preSolution
		Debug|Any CPU = Debug|Any CPU
		Release|Any CPU = Release|Any CPU
	EndGlobalSection
	GlobalSection(ProjectConfigurationPlatforms) = postSolution
		{489D1284-C034-4D55-B650-AD6D40BAC94F}.Debug|Any CPU.ActiveCfg = Debug|Any CPU
		{489D1284-C034-4D55-B650-AD6D40BAC94F}.Debug|Any CPU.Build.0 = Debug|Any CPU
		{489D1284-C034-4D55-B650-AD6D40BAC94F}.Release|Any CPU.ActiveCfg = Release|Any CPU
		{489D1284-C034-4D55-B650-AD6D40BAC94F}.Release|Any CPU.Build.0 = Release|Any CPU
	EndGlobalSection
	GlobalSection(SolutionProperties) = preSolution
		HideSolutionNode = FALSE
	EndGlobalSection
	GlobalSection(ExtensibilityGlobals) = postSolution
		SolutionGuid = {AFD0AE91-B4EB-413E-9BB9-D4A795C1C90A}
	EndGlobalSection
EndGlobal
